
Microsoft Visual Studio Solution File, Format Version 12.00
# Visual Studio Version 16
VisualStudioVersion = 16.0.31410.357
MinimumVisualStudioVersion = 10.0.40219.1
Project("{9A19103F-16F7-4668-BE54-9A1E7A4F7556}") = "SourceDemo", "SourceDemo\SourceDemo.csproj", "{481C6AF2-BAB6-467E-A94F-3AB619F649AE}"
EndProject
Project("{2150E333-8FDC-42A3-9474-1A3956D46DE8}") = "Solution Items", "Solution Items", "{28E712CD-B12B-4C00-A260-D502D7D9627A}"
EndProject
Global
	GlobalSection(SolutionConfigurationPlatforms) = preSolution
		Debug|Any CPU = Debug|Any CPU
		Release|Any CPU = Release|Any CPU
	EndGlobalSection
	GlobalSection(ProjectConfigurationPlatforms) = postSolution
		{481C6AF2-BAB6-467E-A94F-3AB619F649AE}.Debug|Any CPU.ActiveCfg = Debug|Any CPU
		{481C6AF2-BAB6-467E-A94F-3AB619F649AE}.Debug|Any CPU.Build.0 = Debug|Any CPU
		{481C6AF2-BAB6-467E-A94F-3AB619F649AE}.Release|Any CPU.ActiveCfg = Release|Any CPU
		{481C6AF2-BAB6-467E-A94F-3AB619F649AE}.Release|Any CPU.Build.0 = Release|Any CPU
	EndGlobalSection
	GlobalSection(SolutionProperties) = preSolution
		HideSolutionNode = FALSE
	EndGlobalSection
	GlobalSection(ExtensibilityGlobals) = postSolution
		SolutionGuid = {FC29BF30-0A68-45DA-B57C-CCD06C490641}
	EndGlobalSection
EndGlobal
